
Microsoft Visual Studio Solution File, Format Version 12.00
# Visual Studio Version 17
VisualStudioVersion = 17.7.34221.43
MinimumVisualStudioVersion = 10.0.40219.1
Project("{FAE04EC0-301F-11D3-BF4B-00C04F79EFBC}") = "Assignment_11_Salary_Calculation_System", "Assignment_11_Salary_Calculation_System\Assignment_11_Salary_Calculation_System.csproj", "{BEE48390-8FDC-4EA7-A0E5-5EA0F70EBD8B}"
EndProject
Global
	GlobalSection(SolutionConfigurationPlatforms) = preSolution
		Debug|Any CPU = Debug|Any CPU
		Release|Any CPU = Release|Any CPU
	EndGlobalSection
	GlobalSection(ProjectConfigurationPlatforms) = postSolution
		{BEE48390-8FDC-4EA7-A0E5-5EA0F70EBD8B}.Debug|Any CPU.ActiveCfg = Debug|Any CPU
		{BEE48390-8FDC-4EA7-A0E5-5EA0F70EBD8B}.Debug|Any CPU.Build.0 = Debug|Any CPU
		{BEE48390-8FDC-4EA7-A0E5-5EA0F70EBD8B}.Release|Any CPU.ActiveCfg = Release|Any CPU
		{BEE48390-8FDC-4EA7-A0E5-5EA0F70EBD8B}.Release|Any CPU.Build.0 = Release|Any CPU
	EndGlobalSection
	GlobalSection(SolutionProperties) = preSolution
		HideSolutionNode = FALSE
	EndGlobalSection
	GlobalSection(ExtensibilityGlobals) = postSolution
		SolutionGuid = {D3363E0A-1AE6-4389-9F16-8F6034301B4D}
	EndGlobalSection
EndGlobal
